
Microsoft Visual Studio Solution File, Format Version 12.00
# Visual Studio 15
VisualStudioVersion = 15.0.26228.10
MinimumVisualStudioVersion = 10.0.40219.1
Project("{FAE04EC0-301F-11D3-BF4B-00C04F79EFBC}") = "AlertTrader", "AlertTrader\AlertTrader.csproj", "{00356F5F-965D-44C5-96CC-D2FDFCFC5EFE}"
EndProject
Project("{FAE04EC0-301F-11D3-BF4B-00C04F79EFBC}") = "1BrokerApi.Net", "1BrokerApi.Net-master\Source\1BrokerApi.Net\1BrokerApi.Net.csproj", "{77FA5502-F4CC-4BE7-8E75-A0EA04E368C2}"
EndProject
Project("{FAE04EC0-301F-11D3-BF4B-00C04F79EFBC}") = "KrakenClient", "arrivets-krakenapi-cff138b017c3\KrakenClient\KrakenClient.csproj", "{6FD7A9D6-CE6D-4B57-BEBB-FAAF2490811E}"
EndProject
Project("{FAE04EC0-301F-11D3-BF4B-00C04F79EFBC}") = "BitfinexApi", "BitfinexApi\BitfinexApi.csproj", "{6E7AFCF2-068B-4385-AEF5-0192DEFBD8D3}"
EndProject
Project("{FAE04EC0-301F-11D3-BF4B-00C04F79EFBC}") = "Bittrex", "csharp-bittrex-api-master\Bittrex\Bittrex.csproj", "{AAA8321A-42F8-43DB-BE5E-544072C9BF58}"
EndProject
Project("{FAE04EC0-301F-11D3-BF4B-00C04F79EFBC}") = "PoloniexApi.Net", "PoloniexApi.Net-master\PoloniexApi.Net\PoloniexApi.Net.csproj", "{BC5546FA-4F27-4A57-ABE0-2691D1E8B51C}"
EndProject
Global
	GlobalSection(SolutionConfigurationPlatforms) = preSolution
		Debug|Any CPU = Debug|Any CPU
		Debug|x86 = Debug|x86
		Release|Any CPU = Release|Any CPU
		Release|x86 = Release|x86
	EndGlobalSection
	GlobalSection(ProjectConfigurationPlatforms) = postSolution
		{00356F5F-965D-44C5-96CC-D2FDFCFC5EFE}.Debug|Any CPU.ActiveCfg = Debug|Any CPU
		{00356F5F-965D-44C5-96CC-D2FDFCFC5EFE}.Debug|Any CPU.Build.0 = Debug|Any CPU
		{00356F5F-965D-44C5-96CC-D2FDFCFC5EFE}.Debug|x86.ActiveCfg = Debug|Any CPU
		{00356F5F-965D-44C5-96CC-D2FDFCFC5EFE}.Debug|x86.Build.0 = Debug|Any CPU
		{00356F5F-965D-44C5-96CC-D2FDFCFC5EFE}.Release|Any CPU.ActiveCfg = Release|Any CPU
		{00356F5F-965D-44C5-96CC-D2FDFCFC5EFE}.Release|Any CPU.Build.0 = Release|Any CPU
		{00356F5F-965D-44C5-96CC-D2FDFCFC5EFE}.Release|x86.ActiveCfg = Release|Any CPU
		{00356F5F-965D-44C5-96CC-D2FDFCFC5EFE}.Release|x86.Build.0 = Release|Any CPU
		{77FA5502-F4CC-4BE7-8E75-A0EA04E368C2}.Debug|Any CPU.ActiveCfg = Debug|Any CPU
		{77FA5502-F4CC-4BE7-8E75-A0EA04E368C2}.Debug|Any CPU.Build.0 = Debug|Any CPU
		{77FA5502-F4CC-4BE7-8E75-A0EA04E368C2}.Debug|x86.ActiveCfg = Debug|Any CPU
		{77FA5502-F4CC-4BE7-8E75-A0EA04E368C2}.Debug|x86.Build.0 = Debug|Any CPU
		{77FA5502-F4CC-4BE7-8E75-A0EA04E368C2}.Release|Any CPU.ActiveCfg = Release|Any CPU
		{77FA5502-F4CC-4BE7-8E75-A0EA04E368C2}.Release|Any CPU.Build.0 = Release|Any CPU
		{77FA5502-F4CC-4BE7-8E75-A0EA04E368C2}.Release|x86.ActiveCfg = Release|Any CPU
		{77FA5502-F4CC-4BE7-8E75-A0EA04E368C2}.Release|x86.Build.0 = Release|Any CPU
		{6FD7A9D6-CE6D-4B57-BEBB-FAAF2490811E}.Debug|Any CPU.ActiveCfg = Debug|Any CPU
		{6FD7A9D6-CE6D-4B57-BEBB-FAAF2490811E}.Debug|Any CPU.Build.0 = Debug|Any CPU
		{6FD7A9D6-CE6D-4B57-BEBB-FAAF2490811E}.Debug|x86.ActiveCfg = Debug|Any CPU
		{6FD7A9D6-CE6D-4B57-BEBB-FAAF2490811E}.Debug|x86.Build.0 = Debug|Any CPU
		{6FD7A9D6-CE6D-4B57-BEBB-FAAF2490811E}.Release|Any CPU.ActiveCfg = Release|Any CPU
		{6FD7A9D6-CE6D-4B57-BEBB-FAAF2490811E}.Release|Any CPU.Build.0 = Release|Any CPU
		{6FD7A9D6-CE6D-4B57-BEBB-FAAF2490811E}.Release|x86.ActiveCfg = Release|Any CPU
		{6FD7A9D6-CE6D-4B57-BEBB-FAAF2490811E}.Release|x86.Build.0 = Release|Any CPU
		{6E7AFCF2-068B-4385-AEF5-0192DEFBD8D3}.Debug|Any CPU.ActiveCfg = Debug|x86
		{6E7AFCF2-068B-4385-AEF5-0192DEFBD8D3}.Debug|x86.ActiveCfg = Debug|x86
		{6E7AFCF2-068B-4385-AEF5-0192DEFBD8D3}.Debug|x86.Build.0 = Debug|x86
		{6E7AFCF2-068B-4385-AEF5-0192DEFBD8D3}.Release|Any CPU.ActiveCfg = Release|x86
		{6E7AFCF2-068B-4385-AEF5-0192DEFBD8D3}.Release|x86.ActiveCfg = Release|x86
		{6E7AFCF2-068B-4385-AEF5-0192DEFBD8D3}.Release|x86.Build.0 = Release|x86
		{AAA8321A-42F8-43DB-BE5E-544072C9BF58}.Debug|Any CPU.ActiveCfg = Debug|Any CPU
		{AAA8321A-42F8-43DB-BE5E-544072C9BF58}.Debug|Any CPU.Build.0 = Debug|Any CPU
		{AAA8321A-42F8-43DB-BE5E-544072C9BF58}.Debug|x86.ActiveCfg = Debug|Any CPU
		{AAA8321A-42F8-43DB-BE5E-544072C9BF58}.Debug|x86.Build.0 = Debug|Any CPU
		{AAA8321A-42F8-43DB-BE5E-544072C9BF58}.Release|Any CPU.ActiveCfg = Release|Any CPU
		{AAA8321A-42F8-43DB-BE5E-544072C9BF58}.Release|Any CPU.Build.0 = Release|Any CPU
		{AAA8321A-42F8-43DB-BE5E-544072C9BF58}.Release|x86.ActiveCfg = Release|Any CPU
		{AAA8321A-42F8-43DB-BE5E-544072C9BF58}.Release|x86.Build.0 = Release|Any CPU
		{BC5546FA-4F27-4A57-ABE0-2691D1E8B51C}.Debug|Any CPU.ActiveCfg = Debug|Any CPU
		{BC5546FA-4F27-4A57-ABE0-2691D1E8B51C}.Debug|Any CPU.Build.0 = Debug|Any CPU
		{BC5546FA-4F27-4A57-ABE0-2691D1E8B51C}.Debug|x86.ActiveCfg = Debug|Any CPU
		{BC5546FA-4F27-4A57-ABE0-2691D1E8B51C}.Debug|x86.Build.0 = Debug|Any CPU
		{BC5546FA-4F27-4A57-ABE0-2691D1E8B51C}.Release|Any CPU.ActiveCfg = Release|Any CPU
		{BC5546FA-4F27-4A57-ABE0-2691D1E8B51C}.Release|Any CPU.Build.0 = Release|Any CPU
		{BC5546FA-4F27-4A57-ABE0-2691D1E8B51C}.Release|x86.ActiveCfg = Release|Any CPU
		{BC5546FA-4F27-4A57-ABE0-2691D1E8B51C}.Release|x86.Build.0 = Release|Any CPU
	EndGlobalSection
	GlobalSection(SolutionProperties) = preSolution
		HideSolutionNode = FALSE
	EndGlobalSection
	GlobalSection(ExtensibilityGlobals) = postSolution
		SolutionGuid = {C6C72946-0076-4A38-B8EC-3AAEAF0733FE}
	EndGlobalSection
EndGlobal
